PODS:
  - HFCardCollectionViewLayout (0.2.2)

DEPENDENCIES:
  - HFCardCollectionViewLayout (from `../`)

EXTERNAL SOURCES:
  HFCardCollectionViewLayout:
    :path: ../

SPEC CHECKSUMS:
  HFCardCollectionViewLayout: 70073318095967f5fa407147df68dd4696c7aedc

PODFILE CHECKSUM: 234325b1b12e2e74244c12d2d31fa748e550f0f2

COCOAPODS: 1.2.0.beta.1
